
Microsoft Visual Studio Solution File, Format Version 12.00
# Visual Studio Version 17
VisualStudioVersion = 17.0.31912.275
MinimumVisualStudioVersion = 10.0.40219.1
Project("{FAE04EC0-301F-11D3-BF4B-00C04F79EFBC}") = "SchoolsAppSPA-BE", "SchoolsAppSPA-BE\SchoolsAppSPA-BE.csproj", "{569F320E-85C8-408E-8ED9-DB9015C9064A}"
EndProject
Global
	GlobalSection(SolutionConfigurationPlatforms) = preSolution
		Debug|Any CPU = Debug|Any CPU
		Release|Any CPU = Release|Any CPU
	EndGlobalSection
	GlobalSection(ProjectConfigurationPlatforms) = postSolution
		{569F320E-85C8-408E-8ED9-DB9015C9064A}.Debug|Any CPU.ActiveCfg = Debug|Any CPU
		{569F320E-85C8-408E-8ED9-DB9015C9064A}.Debug|Any CPU.Build.0 = Debug|Any CPU
		{569F320E-85C8-408E-8ED9-DB9015C9064A}.Release|Any CPU.ActiveCfg = Release|Any CPU
		{569F320E-85C8-408E-8ED9-DB9015C9064A}.Release|Any CPU.Build.0 = Release|Any CPU
	EndGlobalSection
	GlobalSection(SolutionProperties) = preSolution
		HideSolutionNode = FALSE
	EndGlobalSection
	GlobalSection(ExtensibilityGlobals) = postSolution
		SolutionGuid = {962E75B2-A8E0-494E-BD57-4437C5B09885}
	EndGlobalSection
EndGlobal
